
Microsoft Visual Studio Solution File, Format Version 12.00
# Visual Studio Version 17
VisualStudioVersion = 17.11.35103.136
MinimumVisualStudioVersion = 10.0.40219.1
Project("{9A19103F-16F7-4668-BE54-9A1E7A4F7556}") = "PortalNomina", "PortalNomina\PortalNomina.csproj", "{CA893E61-50E8-4798-88E3-BCE2DCB287A8}"
EndProject
Global
	GlobalSection(SolutionConfigurationPlatforms) = preSolution
		Debug|Any CPU = Debug|Any CPU
		Release|Any CPU = Release|Any CPU
	EndGlobalSection
	GlobalSection(ProjectConfigurationPlatforms) = postSolution
		{CA893E61-50E8-4798-88E3-BCE2DCB287A8}.Debug|Any CPU.ActiveCfg = Debug|Any CPU
		{CA893E61-50E8-4798-88E3-BCE2DCB287A8}.Debug|Any CPU.Build.0 = Debug|Any CPU
		{CA893E61-50E8-4798-88E3-BCE2DCB287A8}.Release|Any CPU.ActiveCfg = Release|Any CPU
		{CA893E61-50E8-4798-88E3-BCE2DCB287A8}.Release|Any CPU.Build.0 = Release|Any CPU
	EndGlobalSection
	GlobalSection(SolutionProperties) = preSolution
		HideSolutionNode = FALSE
	EndGlobalSection
	GlobalSection(ExtensibilityGlobals) = postSolution
		SolutionGuid = {E3A94C0B-8382-41C7-91EB-7D2F611679AA}
	EndGlobalSection
EndGlobal
